// !$*UTF8*$!
{
	archiveVersion = 1;
	classes = {
	};
	objectVersion = 50;
	objects = {

/* Begin PBXBuildFile section */
		FF472FF5256F3A2900B785CD /* DailyTableViewCell.swift in Sources */ = {isa = PBXBuildFile; fileRef = FF472FF4256F3A2900B785CD /* DailyTableViewCell.swift */; };
		FF472FFD2570B43800B785CD /* HourlyCollectionViewCell.swift in Sources */ = {isa = PBXBuildFile; fileRef = FF472FFC2570B43800B785CD /* HourlyCollectionViewCell.swift */; };
		FF61952B256C0BAA003B4396 /* AppDelegate.swift in Sources */ = {isa = PBXBuildFile; fileRef = FF61952A256C0BAA003B4396 /* AppDelegate.swift */; };
		FF61952D256C0BAA003B4396 /* SceneDelegate.swift in Sources */ = {isa = PBXBuildFile; fileRef = FF61952C256C0BAA003B4396 /* SceneDelegate.swift */; };
		FF61952F256C0BAA003B4396 /* LocationListViewController.swift in Sources */ = {isa = PBXBuildFile; fileRef = FF61952E256C0BAA003B4396 /* LocationListViewController.swift */; };
		FF619532256C0BAA003B4396 /* Main.storyboard in Resources */ = {isa = PBXBuildFile; fileRef = FF619530256C0BAA003B4396 /* Main.storyboard */; };
		FF619534256C0BAD003B4396 /* Assets.xcassets in Resources */ = {isa = PBXBuildFile; fileRef = FF619533256C0BAD003B4396 /* Assets.xcassets */; };
		FF619537256C0BAD003B4396 /* LaunchScreen.storyboard in Resources */ = {isa = PBXBuildFile; fileRef = FF619535256C0BAD003B4396 /* LaunchScreen.storyboard */; };
		FF619540256C0C31003B4396 /* LocationDetailViewController.swift in Sources */ = {isa = PBXBuildFile; fileRef = FF61953F256C0C31003B4396 /* LocationDetailViewController.swift */; };
		FF619545256C0CA7003B4396 /* WeatherLocation.swift in Sources */ = {isa = PBXBuildFile; fileRef = FF619544256C0CA7003B4396 /* WeatherLocation.swift */; };
		FF6A7F6F256C9226000497A3 /* PageViewController.swift in Sources */ = {isa = PBXBuildFile; fileRef = FF6A7F6E256C9226000497A3 /* PageViewController.swift */; };
		FF8CEC67256EF47000FB65F7 /* APIKey.swift in Sources */ = {isa = PBXBuildFile; fileRef = FF8CEC66256EF47000FB65F7 /* APIKey.swift */; };
		FF8CEC6B256EF8C300FB65F7 /* WeatherDetail.swift in Sources */ = {isa = PBXBuildFile; fileRef = FF8CEC6A256EF8C300FB65F7 /* WeatherDetail.swift */; };
/* End PBXBuildFile section */

/* Begin PBXFileReference section */
		FF472FF4256F3A2900B785CD /* DailyTableViewCell.swift */ = {isa = PBXFileReference; lastKnownFileType = sourcecode.swift; path = DailyTableViewCell.swift; sourceTree = "<group>"; };
		FF472FFC2570B43800B785CD /* HourlyCollectionViewCell.swift */ = {isa = PBXFileReference; lastKnownFileType = sourcecode.swift; path = HourlyCollectionViewCell.swift; sourceTree = "<group>"; };
		FF619527256C0BAA003B4396 /* WeatherGifts.app */ = {isa = PBXFileReference; explicitFileType = wrapper.application; includeInIndex = 0; path = WeatherGifts.app; sourceTree = BUILT_PRODUCTS_DIR; };
		FF61952A256C0BAA003B4396 /* AppDelegate.swift */ = {isa = PBXFileReference; lastKnownFileType = sourcecode.swift; path = AppDelegate.swift; sourceTree = "<group>"; };
		FF61952C256C0BAA003B4396 /* SceneDelegate.swift */ = {isa = PBXFileReference; lastKnownFileType = sourcecode.swift; path = SceneDelegate.swift; sourceTree = "<group>"; };
		FF61952E256C0BAA003B4396 /* LocationListViewController.swift */ = {isa = PBXFileReference; lastKnownFileType = sourcecode.swift; path = LocationListViewController.swift; sourceTree = "<group>"; };
		FF619531256C0BAA003B4396 /* Base */ = {isa = PBXFileReference; lastKnownFileType = file.storyboard; name = Base; path = Base.lproj/Main.storyboard; sourceTree = "<group>"; };
		FF619533256C0BAD003B4396 /* Assets.xcassets */ = {isa = PBXFileReference; lastKnownFileType = folder.assetcatalog; path = Assets.xcassets; sourceTree = "<group>"; };
		FF619536256C0BAD003B4396 /* Base */ = {isa = PBXFileReference; lastKnownFileType = file.storyboard; name = Base; path = Base.lproj/LaunchScreen.storyboard; sourceTree = "<group>"; };
		FF619538256C0BAD003B4396 /* Info.plist */ = {isa = PBXFileReference; lastKnownFileType = text.plist.xml; path = Info.plist; sourceTree = "<group>"; };
		FF61953F256C0C31003B4396 /* LocationDetailViewController.swift */ = {isa = PBXFileReference; lastKnownFileType = sourcecode.swift; path = LocationDetailViewController.swift; sourceTree = "<group>"; };
		FF619544256C0CA7003B4396 /* WeatherLocation.swift */ = {isa = PBXFileReference; lastKnownFileType = sourcecode.swift; path = WeatherLocation.swift; sourceTree = "<group>"; };
		FF6A7F6E256C9226000497A3 /* PageViewController.swift */ = {isa = PBXFileReference; lastKnownFileType = sourcecode.swift; path = PageViewController.swift; sourceTree = "<group>"; };
		FF8CEC66256EF47000FB65F7 /* APIKey.swift */ = {isa = PBXFileReference; lastKnownFileType = sourcecode.swift; path = APIKey.swift; sourceTree = "<group>"; };
		FF8CEC6A256EF8C300FB65F7 /* WeatherDetail.swift */ = {isa = PBXFileReference; lastKnownFileType = sourcecode.swift; path = WeatherDetail.swift; sourceTree = "<group>"; };
/* End PBXFileReference section */

/* Begin PBXFrameworksBuildPhase section */
		FF619524256C0BAA003B4396 /* Frameworks */ = {
			isa = PBXFrameworksBuildPhase;
			buildActionMask = 2147483647;
			files = (
			);
			runOnlyForDeploymentPostprocessing = 0;
		};
/* End PBXFrameworksBuildPhase section */

/* Begin PBXGroup section */
		FF61951E256C0BAA003B4396 = {
			isa = PBXGroup;
			children = (
				FF619529256C0BAA003B4396 /* WeatherGifts */,
				FF619528256C0BAA003B4396 /* Products */,
			);
			sourceTree = "<group>";
		};
		FF619528256C0BAA003B4396 /* Products */ = {
			isa = PBXGroup;
			children = (
				FF619527256C0BAA003B4396 /* WeatherGifts.app */,
			);
			name = Products;
			sourceTree = "<group>";
		};
		FF619529256C0BAA003B4396 /* WeatherGifts */ = {
			isa = PBXGroup;
			children = (
				FF61952A256C0BAA003B4396 /* AppDelegate.swift */,
				FF61952C256C0BAA003B4396 /* SceneDelegate.swift */,
				FF472FFC2570B43800B785CD /* HourlyCollectionViewCell.swift */,
				FF61952E256C0BAA003B4396 /* LocationListViewController.swift */,
				FF619544256C0CA7003B4396 /* WeatherLocation.swift */,
				FF8CEC66256EF47000FB65F7 /* APIKey.swift */,
				FF61953F256C0C31003B4396 /* LocationDetailViewController.swift */,
				FF472FF4256F3A2900B785CD /* DailyTableViewCell.swift */,
				FF8CEC6A256EF8C300FB65F7 /* WeatherDetail.swift */,
				FF619530256C0BAA003B4396 /* Main.storyboard */,
				FF6A7F6E256C9226000497A3 /* PageViewController.swift */,
				FF619533256C0BAD003B4396 /* Assets.xcassets */,
				FF619535256C0BAD003B4396 /* LaunchScreen.storyboard */,
				FF619538256C0BAD003B4396 /* Info.plist */,
			);
			path = WeatherGifts;
			sourceTree = "<group>";
		};
/* End PBXGroup section */

/* Begin PBXNativeTarget section */
		FF619526256C0BAA003B4396 /* WeatherGifts */ = {
			isa = PBXNativeTarget;
			buildConfigurationList = FF61953B256C0BAD003B4396 /* Build configuration list for PBXNativeTarget "WeatherGifts" */;
			buildPhases = (
				FF619523256C0BAA003B4396 /* Sources */,
				FF619524256C0BAA003B4396 /* Frameworks */,
				FF619525256C0BAA003B4396 /* Resources */,
			);
			buildRules = (
			);
			dependencies = (
			);
			name = WeatherGifts;
			productName = WeatherGifts;
			productReference = FF619527256C0BAA003B4396 /* WeatherGifts.app */;
			productType = "com.apple.product-type.application";
		};
/* End PBXNativeTarget section */

/* Begin PBXProject section */
		FF61951F256C0BAA003B4396 /* Project object */ = {
			isa = PBXProject;
			attributes = {
				LastSwiftUpdateCheck = 1220;
				LastUpgradeCheck = 1220;
				TargetAttributes = {
					FF619526256C0BAA003B4396 = {
						CreatedOnToolsVersion = 12.2;
					};
				};
			};
			buildConfigurationList = FF619522256C0BAA003B4396 /* Build configuration list for PBXProject "WeatherGifts" */;
			compatibilityVersion = "Xcode 9.3";
			developmentRegion = en;
			hasScannedForEncodings = 0;
			knownRegions = (
				en,
				Base,
			);
			mainGroup = FF61951E256C0BAA003B4396;
			productRefGroup = FF619528256C0BAA003B4396 /* Products */;
			projectDirPath = "";
			projectRoot = "";
			targets = (
				FF619526256C0BAA003B4396 /* WeatherGifts */,
			);
		};
/* End PBXProject section */

/* Begin PBXResourcesBuildPhase section */
		FF619525256C0BAA003B4396 /* Resources */ = {
			isa = PBXResourcesBuildPhase;
			buildActionMask = 2147483647;
			files = (
				FF619537256C0BAD003B4396 /* LaunchScreen.storyboard in Resources */,
				FF619534256C0BAD003B4396 /* Assets.xcassets in Resources */,
				FF619532256C0BAA003B4396 /* Main.storyboard in Resources */,
			);
			runOnlyForDeploymentPostprocessing = 0;
		};
/* End PBXResourcesBuildPhase section */

/* Begin PBXSourcesBuildPhase section */
		FF619523256C0BAA003B4396 /* Sources */ = {
			isa = PBXSourcesBuildPhase;
			buildActionMask = 2147483647;
			files = (
				FF472FF5256F3A2900B785CD /* DailyTableViewCell.swift in Sources */,
				FF619545256C0CA7003B4396 /* WeatherLocation.swift in Sources */,
				FF8CEC6B256EF8C300FB65F7 /* WeatherDetail.swift in Sources */,
				FF61952F256C0BAA003B4396 /* LocationListViewController.swift in Sources */,
				FF619540256C0C31003B4396 /* LocationDetailViewController.swift in Sources */,
				FF6A7F6F256C9226000497A3 /* PageViewController.swift in Sources */,
				FF61952B256C0BAA003B4396 /* AppDelegate.swift in Sources */,
				FF8CEC67256EF47000FB65F7 /* APIKey.swift in Sources */,
				FF61952D256C0BAA003B4396 /* SceneDelegate.swift in Sources */,
				FF472FFD2570B43800B785CD /* HourlyCollectionViewCell.swift in Sources */,
			);
			runOnlyForDeploymentPostprocessing = 0;
		};
/* End PBXSourcesBuildPhase section */

/* Begin PBXVariantGroup section */
		FF619530256C0BAA003B4396 /* Main.storyboard */ = {
			isa = PBXVariantGroup;
			children = (
				FF619531256C0BAA003B4396 /* Base */,
			);
			name = Main.storyboard;
			sourceTree = "<group>";
		};
		FF619535256C0BAD003B4396 /* LaunchScreen.storyboard */ = {
			isa = PBXVariantGroup;
			children = (
				FF619536256C0BAD003B4396 /* Base */,
			);
			name = LaunchScreen.storyboard;
			sourceTree = "<group>";
		};
/* End PBXVariantGroup section */

/* Begin XCBuildConfiguration section */
		FF619539256C0BAD003B4396 /* Debug */ = {
			isa = XCBuildConfiguration;
			buildSettings = {
				ALWAYS_SEARCH_USER_PATHS = NO;
				CLANG_ANALYZER_NONNULL = YES;
				CLANG_ANALYZER_NUMBER_OBJECT_CONVERSION = YES_AGGRESSIVE;
				CLANG_CXX_LANGUAGE_STANDARD = "gnu++14";
				CLANG_CXX_LIBRARY = "libc++";
				CLANG_ENABLE_MODULES = YES;
				CLANG_ENABLE_OBJC_ARC = YES;
				CLANG_ENABLE_OBJC_WEAK = YES;
				CLANG_WARN_BLOCK_CAPTURE_AUTORELEASING = YES;
				CLANG_WARN_BOOL_CONVERSION = YES;
				CLANG_WARN_COMMA = YES;
				CLANG_WARN_CONSTANT_CONVERSION = YES;
				CLANG_WARN_DEPRECATED_OBJC_IMPLEMENTATIONS = YES;
				CLANG_WARN_DIRECT_OBJC_ISA_USAGE = YES_ERROR;
				CLANG_WARN_DOCUMENTATION_COMMENTS = YES;
				CLANG_WARN_EMPTY_BODY = YES;
				CLANG_WARN_ENUM_CONVERSION = YES;
				CLANG_WARN_INFINITE_RECURSION = YES;
				CLANG_WARN_INT_CONVERSION = YES;
				CLANG_WARN_NON_LITERAL_NULL_CONVERSION = YES;
				CLANG_WARN_OBJC_IMPLICIT_RETAIN_SELF = YES;
				CLANG_WARN_OBJC_LITERAL_CONVERSION = YES;
				CLANG_WARN_OBJC_ROOT_CLASS = YES_ERROR;
				CLANG_WARN_QUOTED_INCLUDE_IN_FRAMEWORK_HEADER = YES;
				CLANG_WARN_RANGE_LOOP_ANALYSIS = YES;
				CLANG_WARN_STRICT_PROTOTYPES = YES;
				CLANG_WARN_SUSPICIOUS_MOVE = YES;
				CLANG_WARN_UNGUARDED_AVAILABILITY = YES_AGGRESSIVE;
				CLANG_WARN_UNREACHABLE_CODE = YES;
				CLANG_WARN__DUPLICATE_METHOD_MATCH = YES;
				COPY_PHASE_STRIP = NO;
				DEBUG_INFORMATION_FORMAT = dwarf;
				ENABLE_STRICT_OBJC_MSGSEND = YES;
				ENABLE_TESTABILITY = YES;
				GCC_C_LANGUAGE_STANDARD = gnu11;
				GCC_DYNAMIC_NO_PIC = NO;
				GCC_NO_COMMON_BLOCKS = YES;
				GCC_OPTIMIZATION_LEVEL = 0;
				GCC_PREPROCESSOR_DEFINITIONS = (
					"DEBUG=1",
					"$(inherited)",
				);
				GCC_WARN_64_TO_32_BIT_CONVERSION = YES;
				GCC_WARN_ABOUT_RETURN_TYPE = YES_ERROR;
				GCC_WARN_UNDECLARED_SELECTOR = YES;
				GCC_WARN_UNINITIALIZED_AUTOS = YES_AGGRESSIVE;
				GCC_WARN_UNUSED_FUNCTION = YES;
				GCC_WARN_UNUSED_VARIABLE = YES;
				IPHONEOS_DEPLOYMENT_TARGET = 14.2;
				MTL_ENABLE_DEBUG_INFO = INCLUDE_SOURCE;
				MTL_FAST_MATH = YES;
				ONLY_ACTIVE_ARCH = YES;
				SDKROOT = iphoneos;
				SWIFT_ACTIVE_COMPILATION_CONDITIONS = DEBUG;
				SWIFT_OPTIMIZATION_LEVEL = "-Onone";
			};
			name = Debug;
		};
		FF61953A256C0BAD003B4396 /* Release */ = {
			isa = XCBuildConfiguration;
			buildSettings = {
				ALWAYS_SEARCH_USER_PATHS = NO;
				CLANG_ANALYZER_NONNULL = YES;
				CLANG_ANALYZER_NUMBER_OBJECT_CONVERSION = YES_AGGRESSIVE;
				CLANG_CXX_LANGUAGE_STANDARD = "gnu++14";
				CLANG_CXX_LIBRARY = "libc++";
				CLANG_ENABLE_MODULES = YES;
				CLANG_ENABLE_OBJC_ARC = YES;
				CLANG_ENABLE_OBJC_WEAK = YES;
				CLANG_WARN_BLOCK_CAPTURE_AUTORELEASING = YES;
				CLANG_WARN_BOOL_CONVERSION = YES;
				CLANG_WARN_COMMA = YES;
				CLANG_WARN_CONSTANT_CONVERSION = YES;
				CLANG_WARN_DEPRECATED_OBJC_IMPLEMENTATIONS = YES;
				CLANG_WARN_DIRECT_OBJC_ISA_USAGE = YES_ERROR;
				CLANG_WARN_DOCUMENTATION_COMMENTS = YES;
				CLANG_WARN_EMPTY_BODY = YES;
				CLANG_WARN_ENUM_CONVERSION = YES;
				CLANG_WARN_INFINITE_RECURSION = YES;
				CLANG_WARN_INT_CONVERSION = YES;
				CLANG_WARN_NON_LITERAL_NULL_CONVERSION = YES;
				CLANG_WARN_OBJC_IMPLICIT_RETAIN_SELF = YES;
				CLANG_WARN_OBJC_LITERAL_CONVERSION = YES;
				CLANG_WARN_OBJC_ROOT_CLASS = YES_ERROR;
				CLANG_WARN_QUOTED_INCLUDE_IN_FRAMEWORK_HEADER = YES;
				CLANG_WARN_RANGE_LOOP_ANALYSIS = YES;
				CLANG_WARN_STRICT_PROTOTYPES = YES;
				CLANG_WARN_SUSPICIOUS_MOVE = YES;
				CLANG_WARN_UNGUARDED_AVAILABILITY = YES_AGGRESSIVE;
				CLANG_WARN_UNREACHABLE_CODE = YES;
				CLANG_WARN__DUPLICATE_METHOD_MATCH = YES;
				COPY_PHASE_STRIP = NO;
				DEBUG_INFORMATION_FORMAT = "dwarf-with-dsym";
				ENABLE_NS_ASSERTIONS = NO;
				ENABLE_STRICT_OBJC_MSGSEND = YES;
				GCC_C_LANGUAGE_STANDARD = gnu11;
				GCC_NO_COMMON_BLOCKS = YES;
				GCC_WARN_64_TO_32_BIT_CONVERSION = YES;
				GCC_WARN_ABOUT_RETURN_TYPE = YES_ERROR;
				GCC_WARN_UNDECLARED_SELECTOR = YES;
				GCC_WARN_UNINITIALIZED_AUTOS = YES_AGGRESSIVE;
				GCC_WARN_UNUSED_FUNCTION = YES;
				GCC_WARN_UNUSED_VARIABLE = YES;
				IPHONEOS_DEPLOYMENT_TARGET = 14.2;
				MTL_ENABLE_DEBUG_INFO = NO;
				MTL_FAST_MATH = YES;
				SDKROOT = iphoneos;
				SWIFT_COMPILATION_MODE = wholemodule;
				SWIFT_OPTIMIZATION_LEVEL = "-O";
				VALIDATE_PRODUCT = YES;
			};
			name = Release;
		};
		FF61953C256C0BAD003B4396 /* Debug */ = {
			isa = XCBuildConfiguration;
			buildSettings = {
				ASSETCATALOG_COMPILER_APPICON_NAME = AppIcon;
				ASSETCATALOG_COMPILER_GLOBAL_ACCENT_COLOR_NAME = AccentColor;
				CODE_SIGN_STYLE = Automatic;
				DEVELOPMENT_TEAM = 72D49BR372;
				INFOPLIST_FILE = WeatherGifts/Info.plist;
				LD_RUNPATH_SEARCH_PATHS = (
					"$(inherited)",
					"@executable_path/Frameworks",
				);
				PRODUCT_BUNDLE_IDENTIFIER = wtf.ilya.WeatherGifts;
				PRODUCT_NAME = "$(TARGET_NAME)";
				SWIFT_VERSION = 5.0;
				TARGETED_DEVICE_FAMILY = "1,2";
			};
			name = Debug;
		};
		FF61953D256C0BAD003B4396 /* Release */ = {
			isa = XCBuildConfiguration;
			buildSettings = {
				ASSETCATALOG_COMPILER_APPICON_NAME = AppIcon;
				ASSETCATALOG_COMPILER_GLOBAL_ACCENT_COLOR_NAME = AccentColor;
				CODE_SIGN_STYLE = Automatic;
				DEVELOPMENT_TEAM = 72D49BR372;
				INFOPLIST_FILE = WeatherGifts/Info.plist;
				LD_RUNPATH_SEARCH_PATHS = (
					"$(inherited)",
					"@executable_path/Frameworks",
				);
				PRODUCT_BUNDLE_IDENTIFIER = wtf.ilya.WeatherGifts;
				PRODUCT_NAME = "$(TARGET_NAME)";
				SWIFT_VERSION = 5.0;
				TARGETED_DEVICE_FAMILY = "1,2";
			};
			name = Release;
		};
/* End XCBuildConfiguration section */

/* Begin XCConfigurationList section */
		FF619522256C0BAA003B4396 /* Build configuration list for PBXProject "WeatherGifts" */ = {
			isa = XCConfigurationList;
			buildConfigurations = (
				FF619539256C0BAD003B4396 /* Debug */,
				FF61953A256C0BAD003B4396 /* Release */,
			);
			defaultConfigurationIsVisible = 0;
			defaultConfigurationName = Release;
		};
		FF61953B256C0BAD003B4396 /* Build configuration list for PBXNativeTarget "WeatherGifts" */ = {
			isa = XCConfigurationList;
			buildConfigurations = (
				FF61953C256C0BAD003B4396 /* Debug */,
				FF61953D256C0BAD003B4396 /* Release */,
			);
			defaultConfigurationIsVisible = 0;
			defaultConfigurationName = Release;
		};
/* End XCConfigurationList section */
	};
	rootObject = FF61951F256C0BAA003B4396 /* Project object */;
}
